
Microsoft Visual Studio Solution File, Format Version 12.00
# Visual Studio Version 16
VisualStudioVersion = 16.0.31624.102
MinimumVisualStudioVersion = 10.0.40219.1
Project("{FAE04EC0-301F-11D3-BF4B-00C04F79EFBC}") = "Chiapco_Tatiana_G.(BSCS_1-1)", "Chiapco_Tatiana_G.(BSCS_1-1).csproj", "{F225A2C7-64A6-4BAA-91DE-6406F3E9A7E1}"
EndProject
Global
	GlobalSection(SolutionConfigurationPlatforms) = preSolution
		Debug|Any CPU = Debug|Any CPU
		Release|Any CPU = Release|Any CPU
	EndGlobalSection
	GlobalSection(ProjectConfigurationPlatforms) = postSolution
		{F225A2C7-64A6-4BAA-91DE-6406F3E9A7E1}.Debug|Any CPU.ActiveCfg = Debug|Any CPU
		{F225A2C7-64A6-4BAA-91DE-6406F3E9A7E1}.Debug|Any CPU.Build.0 = Debug|Any CPU
		{F225A2C7-64A6-4BAA-91DE-6406F3E9A7E1}.Release|Any CPU.ActiveCfg = Release|Any CPU
		{F225A2C7-64A6-4BAA-91DE-6406F3E9A7E1}.Release|Any CPU.Build.0 = Release|Any CPU
	EndGlobalSection
	GlobalSection(SolutionProperties) = preSolution
		HideSolutionNode = FALSE
	EndGlobalSection
	GlobalSection(ExtensibilityGlobals) = postSolution
		SolutionGuid = {A50D344B-EF2E-4639-8263-797D35232BE3}
	EndGlobalSection
EndGlobal
